
Microsoft Visual Studio Solution File, Format Version 12.00
# Visual Studio 15
VisualStudioVersion = 15.0.27703.2047
MinimumVisualStudioVersion = 10.0.40219.1
Project("{FAE04EC0-301F-11D3-BF4B-00C04F79EFBC}") = "FootballAPI", "FootballAPI\FootballAPI.csproj", "{54A933F2-BF60-46A7-BD0C-F4EFE099F7BA}"
EndProject
Project("{FAE04EC0-301F-11D3-BF4B-00C04F79EFBC}") = "FootballAPIExample", "FootballAPIExample\FootballAPIExample.csproj", "{490ECD2E-C3B6-4DC7-AEB6-551C4E2AFD7F}"
EndProject
Global
	GlobalSection(SolutionConfigurationPlatforms) = preSolution
		Debug|Any CPU = Debug|Any CPU
		Release|Any CPU = Release|Any CPU
	EndGlobalSection
	GlobalSection(ProjectConfigurationPlatforms) = postSolution
		{54A933F2-BF60-46A7-BD0C-F4EFE099F7BA}.Debug|Any CPU.ActiveCfg = Debug|Any CPU
		{54A933F2-BF60-46A7-BD0C-F4EFE099F7BA}.Debug|Any CPU.Build.0 = Debug|Any CPU
		{54A933F2-BF60-46A7-BD0C-F4EFE099F7BA}.Release|Any CPU.ActiveCfg = Release|Any CPU
		{54A933F2-BF60-46A7-BD0C-F4EFE099F7BA}.Release|Any CPU.Build.0 = Release|Any CPU
		{490ECD2E-C3B6-4DC7-AEB6-551C4E2AFD7F}.Debug|Any CPU.ActiveCfg = Debug|Any CPU
		{490ECD2E-C3B6-4DC7-AEB6-551C4E2AFD7F}.Debug|Any CPU.Build.0 = Debug|Any CPU
		{490ECD2E-C3B6-4DC7-AEB6-551C4E2AFD7F}.Release|Any CPU.ActiveCfg = Release|Any CPU
		{490ECD2E-C3B6-4DC7-AEB6-551C4E2AFD7F}.Release|Any CPU.Build.0 = Release|Any CPU
	EndGlobalSection
	GlobalSection(SolutionProperties) = preSolution
		HideSolutionNode = FALSE
	EndGlobalSection
	GlobalSection(ExtensibilityGlobals) = postSolution
		SolutionGuid = {740E6444-5A59-4471-8D75-5B71048AAEAB}
	EndGlobalSection
EndGlobal
